Microsoft Visual Studio Solution File, Format Version 12.00
# Visual Studio Version 17
VisualStudioVersion = 17.5.2.0
MinimumVisualStudioVersion = 10.0.40219.1
Project("{2150E333-8FDC-42A3-9474-1A3956D46DE8}") = "HotelBookingInvoiceService", "HotelBookingInvoiceService", "{C0EB1584-0FFC-1298-9CB5-0C858E238DA4}"
EndProject
Project("{FAE04EC0-301F-11D3-BF4B-00C04F79EFBC}") = "InvoiceService", "HotelBookingInvoiceService\InvoiceService\InvoiceService.csproj", "{311FF16B-E111-7373-9E90-C7EF6A0605C6}"
EndProject
Global
	GlobalSection(SolutionConfigurationPlatforms) = preSolution
		Debug|Any CPU = Debug|Any CPU
		Release|Any CPU = Release|Any CPU
	EndGlobalSection
	GlobalSection(ProjectConfigurationPlatforms) = postSolution
		{311FF16B-E111-7373-9E90-C7EF6A0605C6}.Debug|Any CPU.ActiveCfg = Debug|Any CPU
		{311FF16B-E111-7373-9E90-C7EF6A0605C6}.Debug|Any CPU.Build.0 = Debug|Any CPU
		{311FF16B-E111-7373-9E90-C7EF6A0605C6}.Release|Any CPU.ActiveCfg = Release|Any CPU
		{311FF16B-E111-7373-9E90-C7EF6A0605C6}.Release|Any CPU.Build.0 = Release|Any CPU
	EndGlobalSection
	GlobalSection(SolutionProperties) = preSolution
		HideSolutionNode = FALSE
	EndGlobalSection
	GlobalSection(NestedProjects) = preSolution
		{311FF16B-E111-7373-9E90-C7EF6A0605C6} = {C0EB1584-0FFC-1298-9CB5-0C858E238DA4}
	EndGlobalSection
	GlobalSection(ExtensibilityGlobals) = postSolution
		SolutionGuid = {4210CE3A-B89E-491B-9A09-D659489C5CB8}
	EndGlobalSection
EndGlobal
